
Microsoft Visual Studio Solution File, Format Version 12.00
# Visual Studio 14
VisualStudioVersion = 14.0.23107.0
MinimumVisualStudioVersion = 10.0.40219.1
Project("{FAE04EC0-301F-11D3-BF4B-00C04F79EFBC}") = "01. Sum-and-Average", "01. Linear-DS-Lists-and-Complexity\01. Sum-and-Average.csproj", "{357F56F9-0402-4F8E-8277-CDFFE765476E}"
EndProject
Project("{FAE04EC0-301F-11D3-BF4B-00C04F79EFBC}") = "02. Sort-Words", "02. Sort-Words\02. Sort-Words.csproj", "{C3AD795E-1B30-4888-8103-E3BA538FB346}"
EndProject
Project("{FAE04EC0-301F-11D3-BF4B-00C04F79EFBC}") = "03. Longest-Subsequence", "03. Longest-Subsequence\03. Longest-Subsequence.csproj", "{A26A74CB-B30B-49A4-86B0-5F37FD63F5AA}"
EndProject
Project("{FAE04EC0-301F-11D3-BF4B-00C04F79EFBC}") = "04. Remove-Odd-Occurrences", "04. Remove-Odd-Occurrences\04. Remove-Odd-Occurrences.csproj", "{8B0268E5-43AA-4510-8207-684BAD0C7D65}"
EndProject
Project("{FAE04EC0-301F-11D3-BF4B-00C04F79EFBC}") = "05. Count-of-Occurrences", "05. Count-of-Occurrences\05. Count-of-Occurrences.csproj", "{FA2F0880-85E3-4B3E-91A7-7C2C98884609}"
EndProject
Project("{FAE04EC0-301F-11D3-BF4B-00C04F79EFBC}") = "08. Implement-a-DoublyLinkedList-T", "06. Implement-the-Data-Structure-ReversedList-T\08. Implement-a-DoublyLinkedList-T.csproj", "{5020B638-FAA5-440F-B578-8A4FA374D2E0}"
EndProject
Project("{FAE04EC0-301F-11D3-BF4B-00C04F79EFBC}") = "08.DoublyLinkedLists.Tests", "08.DoublyLinkedLists.Tests\08.DoublyLinkedLists.Tests.csproj", "{77D9E52D-200F-43E6-A905-F52E4F60AAA7}"
EndProject
Global
	GlobalSection(SolutionConfigurationPlatforms) = preSolution
		Debug|Any CPU = Debug|Any CPU
		Release|Any CPU = Release|Any CPU
	EndGlobalSection
	GlobalSection(ProjectConfigurationPlatforms) = postSolution
		{357F56F9-0402-4F8E-8277-CDFFE765476E}.Debug|Any CPU.ActiveCfg = Debug|Any CPU
		{357F56F9-0402-4F8E-8277-CDFFE765476E}.Debug|Any CPU.Build.0 = Debug|Any CPU
		{357F56F9-0402-4F8E-8277-CDFFE765476E}.Release|Any CPU.ActiveCfg = Release|Any CPU
		{357F56F9-0402-4F8E-8277-CDFFE765476E}.Release|Any CPU.Build.0 = Release|Any CPU
		{C3AD795E-1B30-4888-8103-E3BA538FB346}.Debug|Any CPU.ActiveCfg = Debug|Any CPU
		{C3AD795E-1B30-4888-8103-E3BA538FB346}.Debug|Any CPU.Build.0 = Debug|Any CPU
		{C3AD795E-1B30-4888-8103-E3BA538FB346}.Release|Any CPU.ActiveCfg = Release|Any CPU
		{C3AD795E-1B30-4888-8103-E3BA538FB346}.Release|Any CPU.Build.0 = Release|Any CPU
		{A26A74CB-B30B-49A4-86B0-5F37FD63F5AA}.Debug|Any CPU.ActiveCfg = Debug|Any CPU
		{A26A74CB-B30B-49A4-86B0-5F37FD63F5AA}.Debug|Any CPU.Build.0 = Debug|Any CPU
		{A26A74CB-B30B-49A4-86B0-5F37FD63F5AA}.Release|Any CPU.ActiveCfg = Release|Any CPU
		{A26A74CB-B30B-49A4-86B0-5F37FD63F5AA}.Release|Any CPU.Build.0 = Release|Any CPU
		{8B0268E5-43AA-4510-8207-684BAD0C7D65}.Debug|Any CPU.ActiveCfg = Debug|Any CPU
		{8B0268E5-43AA-4510-8207-684BAD0C7D65}.Debug|Any CPU.Build.0 = Debug|Any CPU
		{8B0268E5-43AA-4510-8207-684BAD0C7D65}.Release|Any CPU.ActiveCfg = Release|Any CPU
		{8B0268E5-43AA-4510-8207-684BAD0C7D65}.Release|Any CPU.Build.0 = Release|Any CPU
		{FA2F0880-85E3-4B3E-91A7-7C2C98884609}.Debug|Any CPU.ActiveCfg = Debug|Any CPU
		{FA2F0880-85E3-4B3E-91A7-7C2C98884609}.Debug|Any CPU.Build.0 = Debug|Any CPU
		{FA2F0880-85E3-4B3E-91A7-7C2C98884609}.Release|Any CPU.ActiveCfg = Release|Any CPU
		{FA2F0880-85E3-4B3E-91A7-7C2C98884609}.Release|Any CPU.Build.0 = Release|Any CPU
		{5020B638-FAA5-440F-B578-8A4FA374D2E0}.Debug|Any CPU.ActiveCfg = Debug|Any CPU
		{5020B638-FAA5-440F-B578-8A4FA374D2E0}.Debug|Any CPU.Build.0 = Debug|Any CPU
		{5020B638-FAA5-440F-B578-8A4FA374D2E0}.Release|Any CPU.ActiveCfg = Release|Any CPU
		{5020B638-FAA5-440F-B578-8A4FA374D2E0}.Release|Any CPU.Build.0 = Release|Any CPU
		{77D9E52D-200F-43E6-A905-F52E4F60AAA7}.Debug|Any CPU.ActiveCfg = Debug|Any CPU
		{77D9E52D-200F-43E6-A905-F52E4F60AAA7}.Debug|Any CPU.Build.0 = Debug|Any CPU
		{77D9E52D-200F-43E6-A905-F52E4F60AAA7}.Release|Any CPU.ActiveCfg = Release|Any CPU
		{77D9E52D-200F-43E6-A905-F52E4F60AAA7}.Release|Any CPU.Build.0 = Release|Any CPU
	EndGlobalSection
	GlobalSection(SolutionProperties) = preSolution
		HideSolutionNode = FALSE
	EndGlobalSection
EndGlobal
